
Microsoft Visual Studio Solution File, Format Version 12.00
# Visual Studio Version 17
VisualStudioVersion = 17.7.34031.279
MinimumVisualStudioVersion = 10.0.40219.1
Project("{9A19103F-16F7-4668-BE54-9A1E7A4F7556}") = "test", "test\test.csproj", "{9C7DA321-0F19-4183-8862-FD2837816782}"
EndProject
Project("{FAE04EC0-301F-11D3-BF4B-00C04F79EFBC}") = "AccesoADatos", "AccesoADatos\AccesoADatos.csproj", "{B4964F51-4EE0-42B4-AF0D-A1D9B36752D7}"
EndProject
Project("{FAE04EC0-301F-11D3-BF4B-00C04F79EFBC}") = "Entidades", "Entidades\Entidades.csproj", "{599502C6-DA3B-4909-8A7E-A47D824FB44C}"
EndProject
Project("{FAE04EC0-301F-11D3-BF4B-00C04F79EFBC}") = "LogicaNegocio", "LogicaNegocio\LogicaNegocio.csproj", "{10E12D8F-9978-4E43-95D7-ADC2185CD276}"
EndProject
Global
	GlobalSection(SolutionConfigurationPlatforms) = preSolution
		Debug|Any CPU = Debug|Any CPU
		Release|Any CPU = Release|Any CPU
	EndGlobalSection
	GlobalSection(ProjectConfigurationPlatforms) = postSolution
		{9C7DA321-0F19-4183-8862-FD2837816782}.Debug|Any CPU.ActiveCfg = Debug|Any CPU
		{9C7DA321-0F19-4183-8862-FD2837816782}.Debug|Any CPU.Build.0 = Debug|Any CPU
		{9C7DA321-0F19-4183-8862-FD2837816782}.Release|Any CPU.ActiveCfg = Release|Any CPU
		{9C7DA321-0F19-4183-8862-FD2837816782}.Release|Any CPU.Build.0 = Release|Any CPU
		{B4964F51-4EE0-42B4-AF0D-A1D9B36752D7}.Debug|Any CPU.ActiveCfg = Debug|Any CPU
		{B4964F51-4EE0-42B4-AF0D-A1D9B36752D7}.Debug|Any CPU.Build.0 = Debug|Any CPU
		{B4964F51-4EE0-42B4-AF0D-A1D9B36752D7}.Release|Any CPU.ActiveCfg = Release|Any CPU
		{B4964F51-4EE0-42B4-AF0D-A1D9B36752D7}.Release|Any CPU.Build.0 = Release|Any CPU
		{599502C6-DA3B-4909-8A7E-A47D824FB44C}.Debug|Any CPU.ActiveCfg = Debug|Any CPU
		{599502C6-DA3B-4909-8A7E-A47D824FB44C}.Debug|Any CPU.Build.0 = Debug|Any CPU
		{599502C6-DA3B-4909-8A7E-A47D824FB44C}.Release|Any CPU.ActiveCfg = Release|Any CPU
		{599502C6-DA3B-4909-8A7E-A47D824FB44C}.Release|Any CPU.Build.0 = Release|Any CPU
		{10E12D8F-9978-4E43-95D7-ADC2185CD276}.Debug|Any CPU.ActiveCfg = Debug|Any CPU
		{10E12D8F-9978-4E43-95D7-ADC2185CD276}.Debug|Any CPU.Build.0 = Debug|Any CPU
		{10E12D8F-9978-4E43-95D7-ADC2185CD276}.Release|Any CPU.ActiveCfg = Release|Any CPU
		{10E12D8F-9978-4E43-95D7-ADC2185CD276}.Release|Any CPU.Build.0 = Release|Any CPU
	EndGlobalSection
	GlobalSection(SolutionProperties) = preSolution
		HideSolutionNode = FALSE
	EndGlobalSection
	GlobalSection(ExtensibilityGlobals) = postSolution
		SolutionGuid = {B9BC7E89-A40B-4E2F-B010-312F9307F136}
	EndGlobalSection
EndGlobal
